
Microsoft Visual Studio Solution File, Format Version 12.00
# Visual Studio Version 17
VisualStudioVersion = 17.14.37111.16
MinimumVisualStudioVersion = 10.0.40219.1
Project("{FAE04EC0-301F-11D3-BF4B-00C04F79EFBC}") = "TestJobService", "TestJobService\TestJobService.csproj", "{E554E3B8-4FCB-44EA-86CD-32C5DF715748}"
EndProject
Project("{FAE04EC0-301F-11D3-BF4B-00C04F79EFBC}") = "Tests", "Tests\Tests.csproj", "{CD99F264-3D7A-4D39-93F4-DC495F61B79B}"
EndProject
Global
	GlobalSection(SolutionConfigurationPlatforms) = preSolution
		Debug|Any CPU = Debug|Any CPU
		Release|Any CPU = Release|Any CPU
	EndGlobalSection
	GlobalSection(ProjectConfigurationPlatforms) = postSolution
		{E554E3B8-4FCB-44EA-86CD-32C5DF715748}.Debug|Any CPU.ActiveCfg = Debug|Any CPU
		{E554E3B8-4FCB-44EA-86CD-32C5DF715748}.Debug|Any CPU.Build.0 = Debug|Any CPU
		{E554E3B8-4FCB-44EA-86CD-32C5DF715748}.Release|Any CPU.ActiveCfg = Release|Any CPU
		{E554E3B8-4FCB-44EA-86CD-32C5DF715748}.Release|Any CPU.Build.0 = Release|Any CPU
		{CD99F264-3D7A-4D39-93F4-DC495F61B79B}.Debug|Any CPU.ActiveCfg = Debug|Any CPU
		{CD99F264-3D7A-4D39-93F4-DC495F61B79B}.Debug|Any CPU.Build.0 = Debug|Any CPU
		{CD99F264-3D7A-4D39-93F4-DC495F61B79B}.Release|Any CPU.ActiveCfg = Release|Any CPU
		{CD99F264-3D7A-4D39-93F4-DC495F61B79B}.Release|Any CPU.Build.0 = Release|Any CPU
	EndGlobalSection
	GlobalSection(SolutionProperties) = preSolution
		HideSolutionNode = FALSE
	EndGlobalSection
	GlobalSection(ExtensibilityGlobals) = postSolution
		SolutionGuid = {AC955DDC-6791-44C8-9FD7-5220F7132DA0}
	EndGlobalSection
EndGlobal
